golang.org/x/pkgsite v0.0.0-20220921205104-d06df0691bf0 h1:VqGIdTLBct+RPCLNy27v0G1EdTYU9zTnR5qZDDTSHHI=
golang.org/x/pkgsite v0.0.0-20220921205104-d06df0691bf0/go.mod h1:GTUrrwodvbUV7FiVFE29C6juihyeHYOmSn4AtcRfRO4=
golang.org/x/pkgsite v0.4.0 h1:zqk5uAXYrOkx4MxK6t75KInyS8Q5jdNVaAHZoUV1hKg=
golang.org/x/pkgsite v0.4.0/go.mod h1:QF28ZtTqY99T2UnzbutBy27hBBKdCjz4WLJqoH1OQlI=
